// !$*UTF8*$!
{
	archiveVersion = 1;
	classes = {
	};
	objectVersion = 50;
	objects = {

/* Begin PBXBuildFile section */
		55291E5E2099E719001911E1 /* RatingControl.swift in Sources */ = {isa = PBXBuildFile; fileRef = 55291E5D2099E719001911E1 /* RatingControl.swift */; };
		55291E60209B2328001911E1 /* meal.swift in Sources */ = {isa = PBXBuildFile; fileRef = 55291E5F209B2328001911E1 /* meal.swift */; };
		55291E62209B334B001911E1 /* MealTableViewCell.swift in Sources */ = {isa = PBXBuildFile; fileRef = 55291E61209B334B001911E1 /* MealTableViewCell.swift */; };
		55291E64209B3E13001911E1 /* MealTableViewController.swift in Sources */ = {isa = PBXBuildFile; fileRef = 55291E63209B3E13001911E1 /* MealTableViewController.swift */; };
		5557B98E209023EF00CC9856 /* AppDelegate.swift in Sources */ = {isa = PBXBuildFile; fileRef = 5557B98D209023EF00CC9856 /* AppDelegate.swift */; };
		5557B990209023EF00CC9856 /* MealViewController.swift in Sources */ = {isa = PBXBuildFile; fileRef = 5557B98F209023EF00CC9856 /* MealViewController.swift */; };
		5557B993209023EF00CC9856 /* Main.storyboard in Resources */ = {isa = PBXBuildFile; fileRef = 5557B991209023EF00CC9856 /* Main.storyboard */; };
		5557B995209023F100CC9856 /* Assets.xcassets in Resources */ = {isa = PBXBuildFile; fileRef = 5557B994209023F100CC9856 /* Assets.xcassets */; };
		5557B998209023F100CC9856 /* LaunchScreen.storyboard in Resources */ = {isa = PBXBuildFile; fileRef = 5557B996209023F100CC9856 /* LaunchScreen.storyboard */; };
		5557B9A3209023F100CC9856 /* FoodTrackerTests.swift in Sources */ = {isa = PBXBuildFile; fileRef = 5557B9A2209023F100CC9856 /* FoodTrackerTests.swift */; };
/* End PBXBuildFile section */

/* Begin PBXContainerItemProxy section */
		5557B99F209023F100CC9856 /* PBXContainerItemProxy */ = {
			isa = PBXContainerItemProxy;
			containerPortal = 5557B982209023EF00CC9856 /* Project object */;
			proxyType = 1;
			remoteGlobalIDString = 5557B989209023EF00CC9856;
			remoteInfo = FoodTracker;
		};
/* End PBXContainerItemProxy section */

/* Begin PBXFileReference section */
		55291E5D2099E719001911E1 /* RatingControl.swift */ = {isa = PBXFileReference; lastKnownFileType = sourcecode.swift; path = RatingControl.swift; sourceTree = "<group>"; };
		55291E5F209B2328001911E1 /* meal.swift */ = {isa = PBXFileReference; lastKnownFileType = sourcecode.swift; path = meal.swift; sourceTree = "<group>"; };
		55291E61209B334B001911E1 /* MealTableViewCell.swift */ = {isa = PBXFileReference; lastKnownFileType = sourcecode.swift; path = MealTableViewCell.swift; sourceTree = "<group>"; };
		55291E63209B3E13001911E1 /* MealTableViewController.swift */ = {isa = PBXFileReference; lastKnownFileType = sourcecode.swift; path = MealTableViewController.swift; sourceTree = "<group>"; };
		5557B98A209023EF00CC9856 /* FoodTracker.app */ = {isa = PBXFileReference; explicitFileType = wrapper.application; includeInIndex = 0; path = FoodTracker.app; sourceTree = BUILT_PRODUCTS_DIR; };
		5557B98D209023EF00CC9856 /* AppDelegate.swift */ = {isa = PBXFileReference; lastKnownFileType = sourcecode.swift; path = AppDelegate.swift; sourceTree = "<group>"; };
		5557B98F209023EF00CC9856 /* MealViewController.swift */ = {isa = PBXFileReference; lastKnownFileType = sourcecode.swift; path = MealViewController.swift; sourceTree = "<group>"; };
		5557B992209023EF00CC9856 /* Base */ = {isa = PBXFileReference; lastKnownFileType = file.storyboard; name = Base; path = Base.lproj/Main.storyboard; sourceTree = "<group>"; };
		5557B994209023F100CC9856 /* Assets.xcassets */ = {isa = PBXFileReference; lastKnownFileType = folder.assetcatalog; path = Assets.xcassets; sourceTree = "<group>"; };
		5557B997209023F100CC9856 /* Base */ = {isa = PBXFileReference; lastKnownFileType = file.storyboard; name = Base; path = Base.lproj/LaunchScreen.storyboard; sourceTree = "<group>"; };
		5557B999209023F100CC9856 /* Info.plist */ = {isa = PBXFileReference; lastKnownFileType = text.plist.xml; path = Info.plist; sourceTree = "<group>"; };
		5557B99E209023F100CC9856 /* FoodTrackerTests.xctest */ = {isa = PBXFileReference; explicitFileType = wrapper.cfbundle; includeInIndex = 0; path = FoodTrackerTests.xctest; sourceTree = BUILT_PRODUCTS_DIR; };
		5557B9A2209023F100CC9856 /* FoodTrackerTests.swift */ = {isa = PBXFileReference; lastKnownFileType = sourcecode.swift; path = FoodTrackerTests.swift; sourceTree = "<group>"; };
		5557B9A4209023F100CC9856 /* Info.plist */ = {isa = PBXFileReference; lastKnownFileType = text.plist.xml; path = Info.plist; sourceTree = "<group>"; };
/* End PBXFileReference section */

/* Begin PBXFrameworksBuildPhase section */
		5557B987209023EF00CC9856 /* Frameworks */ = {
			isa = PBXFrameworksBuildPhase;
			buildActionMask = 2147483647;
			files = (
			);
			runOnlyForDeploymentPostprocessing = 0;
		};
		5557B99B209023F100CC9856 /* Frameworks */ = {
			isa = PBXFrameworksBuildPhase;
			buildActionMask = 2147483647;
			files = (
			);
			runOnlyForDeploymentPostprocessing = 0;
		};
/* End PBXFrameworksBuildPhase section */

/* Begin PBXGroup section */
		5557B981209023EF00CC9856 = {
			isa = PBXGroup;
			children = (
				5557B98C209023EF00CC9856 /* FoodTracker */,
				5557B9A1209023F100CC9856 /* FoodTrackerTests */,
				5557B98B209023EF00CC9856 /* Products */,
			);
			sourceTree = "<group>";
		};
		5557B98B209023EF00CC9856 /* Products */ = {
			isa = PBXGroup;
			children = (
				5557B98A209023EF00CC9856 /* FoodTracker.app */,
				5557B99E209023F100CC9856 /* FoodTrackerTests.xctest */,
			);
			name = Products;
			sourceTree = "<group>";
		};
		5557B98C209023EF00CC9856 /* FoodTracker */ = {
			isa = PBXGroup;
			children = (
				5557B98D209023EF00CC9856 /* AppDelegate.swift */,
				5557B98F209023EF00CC9856 /* MealViewController.swift */,
				55291E5F209B2328001911E1 /* meal.swift */,
				5557B991209023EF00CC9856 /* Main.storyboard */,
				55291E5D2099E719001911E1 /* RatingControl.swift */,
				55291E61209B334B001911E1 /* MealTableViewCell.swift */,
				55291E63209B3E13001911E1 /* MealTableViewController.swift */,
				5557B994209023F100CC9856 /* Assets.xcassets */,
				5557B996209023F100CC9856 /* LaunchScreen.storyboard */,
				5557B999209023F100CC9856 /* Info.plist */,
			);
			path = FoodTracker;
			sourceTree = "<group>";
		};
		5557B9A1209023F100CC9856 /* FoodTrackerTests */ = {
			isa = PBXGroup;
			children = (
				5557B9A2209023F100CC9856 /* FoodTrackerTests.swift */,
				5557B9A4209023F100CC9856 /* Info.plist */,
			);
			path = FoodTrackerTests;
			sourceTree = "<group>";
		};
/* End PBXGroup section */

/* Begin PBXNativeTarget section */
		5557B989209023EF00CC9856 /* FoodTracker */ = {
			isa = PBXNativeTarget;
			buildConfigurationList = 5557B9A7209023F100CC9856 /* Build configuration list for PBXNativeTarget "FoodTracker" */;
			buildPhases = (
				5557B986209023EF00CC9856 /* Sources */,
				5557B987209023EF00CC9856 /* Frameworks */,
				5557B988209023EF00CC9856 /* Resources */,
			);
			buildRules = (
			);
			dependencies = (
			);
			name = FoodTracker;
			productName = FoodTracker;
			productReference = 5557B98A209023EF00CC9856 /* FoodTracker.app */;
			productType = "com.apple.product-type.application";
		};
		5557B99D209023F100CC9856 /* FoodTrackerTests */ = {
			isa = PBXNativeTarget;
			buildConfigurationList = 5557B9AA209023F100CC9856 /* Build configuration list for PBXNativeTarget "FoodTrackerTests" */;
			buildPhases = (
				5557B99A209023F100CC9856 /* Sources */,
				5557B99B209023F100CC9856 /* Frameworks */,
				5557B99C209023F100CC9856 /* Resources */,
			);
			buildRules = (
			);
			dependencies = (
				5557B9A0209023F100CC9856 /* PBXTargetDependency */,
			);
			name = FoodTrackerTests;
			productName = FoodTrackerTests;
			productReference = 5557B99E209023F100CC9856 /* FoodTrackerTests.xctest */;
			productType = "com.apple.product-type.bundle.unit-test";
		};
/* End PBXNativeTarget section */

/* Begin PBXProject section */
		5557B982209023EF00CC9856 /* Project object */ = {
			isa = PBXProject;
			attributes = {
				LastSwiftUpdateCheck = 0930;
				LastUpgradeCheck = 0930;
				ORGANIZATIONNAME = "Pop Team Epic";
				TargetAttributes = {
					5557B989209023EF00CC9856 = {
						CreatedOnToolsVersion = 9.3;
					};
					5557B99D209023F100CC9856 = {
						CreatedOnToolsVersion = 9.3;
						TestTargetID = 5557B989209023EF00CC9856;
					};
				};
			};
			buildConfigurationList = 5557B985209023EF00CC9856 /* Build configuration list for PBXProject "FoodTracker" */;
			compatibilityVersion = "Xcode 9.3";
			developmentRegion = en;
			hasScannedForEncodings = 0;
			knownRegions = (
				en,
				Base,
			);
			mainGroup = 5557B981209023EF00CC9856;
			productRefGroup = 5557B98B209023EF00CC9856 /* Products */;
			projectDirPath = "";
			projectRoot = "";
			targets = (
				5557B989209023EF00CC9856 /* FoodTracker */,
				5557B99D209023F100CC9856 /* FoodTrackerTests */,
			);
		};
/* End PBXProject section */

/* Begin PBXResourcesBuildPhase section */
		5557B988209023EF00CC9856 /* Resources */ = {
			isa = PBXResourcesBuildPhase;
			buildActionMask = 2147483647;
			files = (
				5557B998209023F100CC9856 /* LaunchScreen.storyboard in Resources */,
				5557B995209023F100CC9856 /* Assets.xcassets in Resources */,
				5557B993209023EF00CC9856 /* Main.storyboard in Resources */,
			);
			runOnlyForDeploymentPostprocessing = 0;
		};
		5557B99C209023F100CC9856 /* Resources */ = {
			isa = PBXResourcesBuildPhase;
			buildActionMask = 2147483647;
			files = (
			);
			runOnlyForDeploymentPostprocessing = 0;
		};
/* End PBXResourcesBuildPhase section */

/* Begin PBXSourcesBuildPhase section */
		5557B986209023EF00CC9856 /* Sources */ = {
			isa = PBXSourcesBuildPhase;
			buildActionMask = 2147483647;
			files = (
				55291E60209B2328001911E1 /* meal.swift in Sources */,
				5557B990209023EF00CC9856 /* MealViewController.swift in Sources */,
				55291E5E2099E719001911E1 /* RatingControl.swift in Sources */,
				5557B98E209023EF00CC9856 /* AppDelegate.swift in Sources */,
				55291E64209B3E13001911E1 /* MealTableViewController.swift in Sources */,
				55291E62209B334B001911E1 /* MealTableViewCell.swift in Sources */,
			);
			runOnlyForDeploymentPostprocessing = 0;
		};
		5557B99A209023F100CC9856 /* Sources */ = {
			isa = PBXSourcesBuildPhase;
			buildActionMask = 2147483647;
			files = (
				5557B9A3209023F100CC9856 /* FoodTrackerTests.swift in Sources */,
			);
			runOnlyForDeploymentPostprocessing = 0;
		};
/* End PBXSourcesBuildPhase section */

/* Begin PBXTargetDependency section */
		5557B9A0209023F100CC9856 /* PBXTargetDependency */ = {
			isa = PBXTargetDependency;
			target = 5557B989209023EF00CC9856 /* FoodTracker */;
			targetProxy = 5557B99F209023F100CC9856 /* PBXContainerItemProxy */;
		};
/* End PBXTargetDependency section */

/* Begin PBXVariantGroup section */
		5557B991209023EF00CC9856 /* Main.storyboard */ = {
			isa = PBXVariantGroup;
			children = (
				5557B992209023EF00CC9856 /* Base */,
			);
			name = Main.storyboard;
			sourceTree = "<group>";
		};
		5557B996209023F100CC9856 /* LaunchScreen.storyboard */ = {
			isa = PBXVariantGroup;
			children = (
				5557B997209023F100CC9856 /* Base */,
			);
			name = LaunchScreen.storyboard;
			sourceTree = "<group>";
		};
/* End PBXVariantGroup section */

/* Begin XCBuildConfiguration section */
		5557B9A5209023F100CC9856 /* Debug */ = {
			isa = XCBuildConfiguration;
			buildSettings = {
				ALWAYS_SEARCH_USER_PATHS = NO;
				CLANG_ANALYZER_NONNULL = YES;
				CLANG_ANALYZER_NUMBER_OBJECT_CONVERSION = YES_AGGRESSIVE;
				CLANG_CXX_LANGUAGE_STANDARD = "gnu++14";
				CLANG_CXX_LIBRARY = "libc++";
				CLANG_ENABLE_MODULES = YES;
				CLANG_ENABLE_OBJC_ARC = YES;
				CLANG_ENABLE_OBJC_WEAK = YES;
				CLANG_WARN_BLOCK_CAPTURE_AUTORELEASING = YES;
				CLANG_WARN_BOOL_CONVERSION = YES;
				CLANG_WARN_COMMA = YES;
				CLANG_WARN_CONSTANT_CONVERSION = YES;
				CLANG_WARN_DEPRECATED_OBJC_IMPLEMENTATIONS = YES;
				CLANG_WARN_DIRECT_OBJC_ISA_USAGE = YES_ERROR;
				CLANG_WARN_DOCUMENTATION_COMMENTS = YES;
				CLANG_WARN_EMPTY_BODY = YES;
				CLANG_WARN_ENUM_CONVERSION = YES;
				CLANG_WARN_INFINITE_RECURSION = YES;
				CLANG_WARN_INT_CONVERSION = YES;
				CLANG_WARN_NON_LITERAL_NULL_CONVERSION = YES;
				CLANG_WARN_OBJC_IMPLICIT_RETAIN_SELF = YES;
				CLANG_WARN_OBJC_LITERAL_CONVERSION = YES;
				CLANG_WARN_OBJC_ROOT_CLASS = YES_ERROR;
				CLANG_WARN_RANGE_LOOP_ANALYSIS = YES;
				CLANG_WARN_STRICT_PROTOTYPES = YES;
				CLANG_WARN_SUSPICIOUS_MOVE = YES;
				CLANG_WARN_UNGUARDED_AVAILABILITY = YES_AGGRESSIVE;
				CLANG_WARN_UNREACHABLE_CODE = YES;
				CLANG_WARN__DUPLICATE_METHOD_MATCH = YES;
				CODE_SIGN_IDENTITY = "iPhone Developer";
				COPY_PHASE_STRIP = NO;
				DEBUG_INFORMATION_FORMAT = dwarf;
				ENABLE_STRICT_OBJC_MSGSEND = YES;
				ENABLE_TESTABILITY = YES;
				GCC_C_LANGUAGE_STANDARD = gnu11;
				GCC_DYNAMIC_NO_PIC = NO;
				GCC_NO_COMMON_BLOCKS = YES;
				GCC_OPTIMIZATION_LEVEL = 0;
				GCC_PREPROCESSOR_DEFINITIONS = (
					"DEBUG=1",
					"$(inherited)",
				);
				GCC_WARN_64_TO_32_BIT_CONVERSION = YES;
				GCC_WARN_ABOUT_RETURN_TYPE = YES_ERROR;
				GCC_WARN_UNDECLARED_SELECTOR = YES;
				GCC_WARN_UNINITIALIZED_AUTOS = YES_AGGRESSIVE;
				GCC_WARN_UNUSED_FUNCTION = YES;
				GCC_WARN_UNUSED_VARIABLE = YES;
				IPHONEOS_DEPLOYMENT_TARGET = 11.3;
				MTL_ENABLE_DEBUG_INFO = YES;
				ONLY_ACTIVE_ARCH = YES;
				SDKROOT = iphoneos;
				SWIFT_ACTIVE_COMPILATION_CONDITIONS = DEBUG;
				SWIFT_OPTIMIZATION_LEVEL = "-Onone";
			};
			name = Debug;
		};
		5557B9A6209023F100CC9856 /* Release */ = {
			isa = XCBuildConfiguration;
			buildSettings = {
				ALWAYS_SEARCH_USER_PATHS = NO;
				CLANG_ANALYZER_NONNULL = YES;
				CLANG_ANALYZER_NUMBER_OBJECT_CONVERSION = YES_AGGRESSIVE;
				CLANG_CXX_LANGUAGE_STANDARD = "gnu++14";
				CLANG_CXX_LIBRARY = "libc++";
				CLANG_ENABLE_MODULES = YES;
				CLANG_ENABLE_OBJC_ARC = YES;
				CLANG_ENABLE_OBJC_WEAK = YES;
				CLANG_WARN_BLOCK_CAPTURE_AUTORELEASING = YES;
				CLANG_WARN_BOOL_CONVERSION = YES;
				CLANG_WARN_COMMA = YES;
				CLANG_WARN_CONSTANT_CONVERSION = YES;
				CLANG_WARN_DEPRECATED_OBJC_IMPLEMENTATIONS = YES;
				CLANG_WARN_DIRECT_OBJC_ISA_USAGE = YES_ERROR;
				CLANG_WARN_DOCUMENTATION_COMMENTS = YES;
				CLANG_WARN_EMPTY_BODY = YES;
				CLANG_WARN_ENUM_CONVERSION = YES;
				CLANG_WARN_INFINITE_RECURSION = YES;
				CLANG_WARN_INT_CONVERSION = YES;
				CLANG_WARN_NON_LITERAL_NULL_CONVERSION = YES;
				CLANG_WARN_OBJC_IMPLICIT_RETAIN_SELF = YES;
				CLANG_WARN_OBJC_LITERAL_CONVERSION = YES;
				CLANG_WARN_OBJC_ROOT_CLASS = YES_ERROR;
				CLANG_WARN_RANGE_LOOP_ANALYSIS = YES;
				CLANG_WARN_STRICT_PROTOTYPES = YES;
				CLANG_WARN_SUSPICIOUS_MOVE = YES;
				CLANG_WARN_UNGUARDED_AVAILABILITY = YES_AGGRESSIVE;
				CLANG_WARN_UNREACHABLE_CODE = YES;
				CLANG_WARN__DUPLICATE_METHOD_MATCH = YES;
				CODE_SIGN_IDENTITY = "iPhone Developer";
				COPY_PHASE_STRIP = NO;
				DEBUG_INFORMATION_FORMAT = "dwarf-with-dsym";
				ENABLE_NS_ASSERTIONS = NO;
				ENABLE_STRICT_OBJC_MSGSEND = YES;
				GCC_C_LANGUAGE_STANDARD = gnu11;
				GCC_NO_COMMON_BLOCKS = YES;
				GCC_WARN_64_TO_32_BIT_CONVERSION = YES;
				GCC_WARN_ABOUT_RETURN_TYPE = YES_ERROR;
				GCC_WARN_UNDECLARED_SELECTOR = YES;
				GCC_WARN_UNINITIALIZED_AUTOS = YES_AGGRESSIVE;
				GCC_WARN_UNUSED_FUNCTION = YES;
				GCC_WARN_UNUSED_VARIABLE = YES;
				IPHONEOS_DEPLOYMENT_TARGET = 11.3;
				MTL_ENABLE_DEBUG_INFO = NO;
				SDKROOT = iphoneos;
				SWIFT_COMPILATION_MODE = wholemodule;
				SWIFT_OPTIMIZATION_LEVEL = "-O";
				VALIDATE_PRODUCT = YES;
			};
			name = Release;
		};
		5557B9A8209023F100CC9856 /* Debug */ = {
			isa = XCBuildConfiguration;
			buildSettings = {
				ASSETCATALOG_COMPILER_APPICON_NAME = AppIcon;
				CODE_SIGN_STYLE = Automatic;
				INFOPLIST_FILE = FoodTracker/Info.plist;
				LD_RUNPATH_SEARCH_PATHS = (
					"$(inherited)",
					"@executable_path/Frameworks",
				);
				PRODUCT_BUNDLE_IDENTIFIER = com.homework.FoodTracker;
				PRODUCT_NAME = "$(TARGET_NAME)";
				SWIFT_VERSION = 4.0;
				TARGETED_DEVICE_FAMILY = "1,2";
			};
			name = Debug;
		};
		5557B9A9209023F100CC9856 /* Release */ = {
			isa = XCBuildConfiguration;
			buildSettings = {
				ASSETCATALOG_COMPILER_APPICON_NAME = AppIcon;
				CODE_SIGN_STYLE = Automatic;
				INFOPLIST_FILE = FoodTracker/Info.plist;
				LD_RUNPATH_SEARCH_PATHS = (
					"$(inherited)",
					"@executable_path/Frameworks",
				);
				PRODUCT_BUNDLE_IDENTIFIER = com.homework.FoodTracker;
				PRODUCT_NAME = "$(TARGET_NAME)";
				SWIFT_VERSION = 4.0;
				TARGETED_DEVICE_FAMILY = "1,2";
			};
			name = Release;
		};
		5557B9AB209023F100CC9856 /* Debug */ = {
			isa = XCBuildConfiguration;
			buildSettings = {
				ALWAYS_EMBED_SWIFT_STANDARD_LIBRARIES = YES;
				BUNDLE_LOADER = "$(TEST_HOST)";
				CODE_SIGN_STYLE = Automatic;
				INFOPLIST_FILE = FoodTrackerTests/Info.plist;
				LD_RUNPATH_SEARCH_PATHS = (
					"$(inherited)",
					"@executable_path/Frameworks",
					"@loader_path/Frameworks",
				);
				PRODUCT_BUNDLE_IDENTIFIER = com.homework.FoodTrackerTests;
				PRODUCT_NAME = "$(TARGET_NAME)";
				SWIFT_VERSION = 4.0;
				TARGETED_DEVICE_FAMILY = "1,2";
				TEST_HOST = "$(BUILT_PRODUCTS_DIR)/FoodTracker.app/FoodTracker";
			};
			name = Debug;
		};
		5557B9AC209023F100CC9856 /* Release */ = {
			isa = XCBuildConfiguration;
			buildSettings = {
				ALWAYS_EMBED_SWIFT_STANDARD_LIBRARIES = YES;
				BUNDLE_LOADER = "$(TEST_HOST)";
				CODE_SIGN_STYLE = Automatic;
				INFOPLIST_FILE = FoodTrackerTests/Info.plist;
				LD_RUNPATH_SEARCH_PATHS = (
					"$(inherited)",
					"@executable_path/Frameworks",
					"@loader_path/Frameworks",
				);
				PRODUCT_BUNDLE_IDENTIFIER = com.homework.FoodTrackerTests;
				PRODUCT_NAME = "$(TARGET_NAME)";
				SWIFT_VERSION = 4.0;
				TARGETED_DEVICE_FAMILY = "1,2";
				TEST_HOST = "$(BUILT_PRODUCTS_DIR)/FoodTracker.app/FoodTracker";
			};
			name = Release;
		};
/* End XCBuildConfiguration section */

/* Begin XCConfigurationList section */
		5557B985209023EF00CC9856 /* Build configuration list for PBXProject "FoodTracker" */ = {
			isa = XCConfigurationList;
			buildConfigurations = (
				5557B9A5209023F100CC9856 /* Debug */,
				5557B9A6209023F100CC9856 /* Release */,
			);
			defaultConfigurationIsVisible = 0;
			defaultConfigurationName = Release;
		};
		5557B9A7209023F100CC9856 /* Build configuration list for PBXNativeTarget "FoodTracker" */ = {
			isa = XCConfigurationList;
			buildConfigurations = (
				5557B9A8209023F100CC9856 /* Debug */,
				5557B9A9209023F100CC9856 /* Release */,
			);
			defaultConfigurationIsVisible = 0;
			defaultConfigurationName = Release;
		};
		5557B9AA209023F100CC9856 /* Build configuration list for PBXNativeTarget "FoodTrackerTests" */ = {
			isa = XCConfigurationList;
			buildConfigurations = (
				5557B9AB209023F100CC9856 /* Debug */,
				5557B9AC209023F100CC9856 /* Release */,
			);
			defaultConfigurationIsVisible = 0;
			defaultConfigurationName = Release;
		};
/* End XCConfigurationList section */
	};
	rootObject = 5557B982209023EF00CC9856 /* Project object */;
}
